
Microsoft Visual Studio Solution File, Format Version 12.00
# Visual Studio Version 17
VisualStudioVersion = 17.4.33110.190
MinimumVisualStudioVersion = 10.0.40219.1
Project("{9A19103F-16F7-4668-BE54-9A1E7A4F7556}") = "ApacheKafkaWorker.Producer", "src\ApacheKafkaWorker.Producer\ApacheKafkaWorker.Producer.csproj", "{CCA9E92B-028F-465D-A700-29C51281E7B2}"
EndProject
Project("{9A19103F-16F7-4668-BE54-9A1E7A4F7556}") = "ApacheKafkaWorker.Consumer", "src\ApacheKafkaWorker.Consumer\ApacheKafkaWorker.Consumer.csproj", "{C45F636A-8184-43F6-8670-8C1833DDB292}"
EndProject
Project("{FAE04EC0-301F-11D3-BF4B-00C04F79EFBC}") = "ApacheKafkaWorker.Utils", "src\ApacheKafkaWorker.Utils\ApacheKafkaWorker.Utils.csproj", "{233F3A82-171A-483B-BDAA-AED4AE9B0C4C}"
EndProject
Global
	GlobalSection(SolutionConfigurationPlatforms) = preSolution
		Debug|Any CPU = Debug|Any CPU
		Release|Any CPU = Release|Any CPU
	EndGlobalSection
	GlobalSection(ProjectConfigurationPlatforms) = postSolution
		{CCA9E92B-028F-465D-A700-29C51281E7B2}.Debug|Any CPU.ActiveCfg = Debug|Any CPU
		{CCA9E92B-028F-465D-A700-29C51281E7B2}.Debug|Any CPU.Build.0 = Debug|Any CPU
		{CCA9E92B-028F-465D-A700-29C51281E7B2}.Release|Any CPU.ActiveCfg = Release|Any CPU
		{CCA9E92B-028F-465D-A700-29C51281E7B2}.Release|Any CPU.Build.0 = Release|Any CPU
		{C45F636A-8184-43F6-8670-8C1833DDB292}.Debug|Any CPU.ActiveCfg = Debug|Any CPU
		{C45F636A-8184-43F6-8670-8C1833DDB292}.Debug|Any CPU.Build.0 = Debug|Any CPU
		{C45F636A-8184-43F6-8670-8C1833DDB292}.Release|Any CPU.ActiveCfg = Release|Any CPU
		{C45F636A-8184-43F6-8670-8C1833DDB292}.Release|Any CPU.Build.0 = Release|Any CPU
		{233F3A82-171A-483B-BDAA-AED4AE9B0C4C}.Debug|Any CPU.ActiveCfg = Debug|Any CPU
		{233F3A82-171A-483B-BDAA-AED4AE9B0C4C}.Debug|Any CPU.Build.0 = Debug|Any CPU
		{233F3A82-171A-483B-BDAA-AED4AE9B0C4C}.Release|Any CPU.ActiveCfg = Release|Any CPU
		{233F3A82-171A-483B-BDAA-AED4AE9B0C4C}.Release|Any CPU.Build.0 = Release|Any CPU
	EndGlobalSection
	GlobalSection(SolutionProperties) = preSolution
		HideSolutionNode = FALSE
	EndGlobalSection
	GlobalSection(ExtensibilityGlobals) = postSolution
		SolutionGuid = {88C21836-C556-4E06-9475-5C9473F5D3C3}
	EndGlobalSection
EndGlobal
